github.com/0x00f00bar/tiked_FileEncryption v0.0.0-20170607202157-1dfc9209dc73 h1:2V/xxU/iP5JoL9XK64t8JQXROxV83i/8MW/zp5hcx1k=
github.com/0x00f00bar/tiked_FileEncryption v0.0.0-20170607202157-1dfc9209dc73/go.mod h1:GoGfIhihPxJ/P9xx7uGALu7mEuf7JtQ+7Ium0Ovd2nk=
github.com/0x00f00bar/tiked_FileEncryption v0.0.0-20240924111049-1ce69aedc3ef h1:psqX8CPUSPYwYwRew3HxCRcxu3NKMMcga1Ll1gb4GpI=
github.com/0x00f00bar/tiked_FileEncryption v0.0.0-20240924111049-1ce69aedc3ef/go.mod h1:GoGfIhihPxJ/P9xx7uGALu7mEuf7JtQ+7Ium0Ovd2nk=
